# This file is automatically @generated by Cargo.
# It is not intended for manual editing.
[[package]]
name = "bio"
version = "0.1.2"
source = "registry+https://github.com/m0ssc0de/crates.io-index"
checksum = "d6b528cdd105a181a9de35019cc50365f672f8770f9d40a08427d04410663c8e"

[[package]]
name = "eg"
version = "0.1.0"
dependencies = [
 "bio",
]
